
Microsoft Visual Studio Solution File, Format Version 12.00
# Visual Studio Version 16
VisualStudioVersion = 16.0.30225.117
MinimumVisualStudioVersion = 10.0.40219.1
Project("{FAE04EC0-301F-11D3-BF4B-00C04F79EFBC}") = "Pudja.VeichleDB", "Pudja.VeichleDB.csproj", "{CD98CDB4-A550-4C08-BE09-1127A052CC87}"
EndProject
Global
	GlobalSection(SolutionConfigurationPlatforms) = preSolution
		Debug|Any CPU = Debug|Any CPU
		Release|Any CPU = Release|Any CPU
	EndGlobalSection
	GlobalSection(ProjectConfigurationPlatforms) = postSolution
		{CD98CDB4-A550-4C08-BE09-1127A052CC87}.Debug|Any CPU.ActiveCfg = Debug|Any CPU
		{CD98CDB4-A550-4C08-BE09-1127A052CC87}.Debug|Any CPU.Build.0 = Debug|Any CPU
		{CD98CDB4-A550-4C08-BE09-1127A052CC87}.Release|Any CPU.ActiveCfg = Release|Any CPU
		{CD98CDB4-A550-4C08-BE09-1127A052CC87}.Release|Any CPU.Build.0 = Release|Any CPU
	EndGlobalSection
	GlobalSection(SolutionProperties) = preSolution
		HideSolutionNode = FALSE
	EndGlobalSection
	GlobalSection(ExtensibilityGlobals) = postSolution
		SolutionGuid = {3BFFBA66-6155-4D0A-AD88-24607CB81E4D}
	EndGlobalSection
EndGlobal
